
Microsoft Visual Studio Solution File, Format Version 12.00
# Visual Studio Version 17
VisualStudioVersion = 17.5.002.0
MinimumVisualStudioVersion = 10.0.40219.1
Project("{9A19103F-16F7-4668-BE54-9A1E7A4F7556}") = "CleanCode", "CleanCode.csproj", "{92AED1FC-A2AA-4AC4-8730-A0040372FC26}"
EndProject
Global
	GlobalSection(SolutionConfigurationPlatforms) = preSolution
		Debug|Any CPU = Debug|Any CPU
		Release|Any CPU = Release|Any CPU
	EndGlobalSection
	GlobalSection(ProjectConfigurationPlatforms) = postSolution
		{92AED1FC-A2AA-4AC4-8730-A0040372FC26}.Debug|Any CPU.ActiveCfg = Debug|Any CPU
		{92AED1FC-A2AA-4AC4-8730-A0040372FC26}.Debug|Any CPU.Build.0 = Debug|Any CPU
		{92AED1FC-A2AA-4AC4-8730-A0040372FC26}.Release|Any CPU.ActiveCfg = Release|Any CPU
		{92AED1FC-A2AA-4AC4-8730-A0040372FC26}.Release|Any CPU.Build.0 = Release|Any CPU
	EndGlobalSection
	GlobalSection(SolutionProperties) = preSolution
		HideSolutionNode = FALSE
	EndGlobalSection
	GlobalSection(ExtensibilityGlobals) = postSolution
		SolutionGuid = {AAE7C6FB-38BE-4B72-A869-F68A51DB2A5C}
	EndGlobalSection
EndGlobal
